
Microsoft Visual Studio Solution File, Format Version 12.00
# Visual Studio 15
VisualStudioVersion = 15.0.27703.2000
MinimumVisualStudioVersion = 10.0.40219.1
Project("{FAE04EC0-301F-11D3-BF4B-00C04F79EFBC}") = "HelloAndroid", "HelloAndroid\HelloAndroid.csproj", "{BF53E03D-A583-4FCC-BD58-104F9C9850E7}"
EndProject
Project("{FAE04EC0-301F-11D3-BF4B-00C04F79EFBC}") = "Data", "Data\Data.csproj", "{90B94D04-6E36-4646-85B4-12C133DF1896}"
EndProject
Project("{FAE04EC0-301F-11D3-BF4B-00C04F79EFBC}") = "UnitTestProject1", "UnitTestProject1\UnitTestProject1.csproj", "{FB997E0E-B0C2-4662-ADF2-D1A107C8FD67}"
EndProject
Project("{FAE04EC0-301F-11D3-BF4B-00C04F79EFBC}") = "HelloIos", "HelloIos\HelloIos.csproj", "{80A96B52-6758-4BDB-B0B4-CEA4CA155C60}"
EndProject
Project("{FAE04EC0-301F-11D3-BF4B-00C04F79EFBC}") = "HelloWindows", "HelloWindows\HelloWindows.csproj", "{22B82498-324F-4A33-99A2-DFD8D5F1344F}"
EndProject
Global
	GlobalSection(SolutionConfigurationPlatforms) = preSolution
		Debug|Any CPU = Debug|Any CPU
		Debug|ARM = Debug|ARM
		Debug|iPhone = Debug|iPhone
		Debug|iPhoneSimulator = Debug|iPhoneSimulator
		Debug|x64 = Debug|x64
		Debug|x86 = Debug|x86
		Release|Any CPU = Release|Any CPU
		Release|ARM = Release|ARM
		Release|iPhone = Release|iPhone
		Release|iPhoneSimulator = Release|iPhoneSimulator
		Release|x64 = Release|x64
		Release|x86 = Release|x86
	EndGlobalSection
	GlobalSection(ProjectConfigurationPlatforms) = postSolution
		{BF53E03D-A583-4FCC-BD58-104F9C9850E7}.Debug|Any CPU.ActiveCfg = Debug|Any CPU
		{BF53E03D-A583-4FCC-BD58-104F9C9850E7}.Debug|Any CPU.Build.0 = Debug|Any CPU
		{BF53E03D-A583-4FCC-BD58-104F9C9850E7}.Debug|Any CPU.Deploy.0 = Debug|Any CPU
		{BF53E03D-A583-4FCC-BD58-104F9C9850E7}.Debug|ARM.ActiveCfg = Debug|Any CPU
		{BF53E03D-A583-4FCC-BD58-104F9C9850E7}.Debug|ARM.Build.0 = Debug|Any CPU
		{BF53E03D-A583-4FCC-BD58-104F9C9850E7}.Debug|ARM.Deploy.0 = Debug|Any CPU
		{BF53E03D-A583-4FCC-BD58-104F9C9850E7}.Debug|iPhone.ActiveCfg = Debug|Any CPU
		{BF53E03D-A583-4FCC-BD58-104F9C9850E7}.Debug|iPhone.Build.0 = Debug|Any CPU
		{BF53E03D-A583-4FCC-BD58-104F9C9850E7}.Debug|iPhone.Deploy.0 = Debug|Any CPU
		{BF53E03D-A583-4FCC-BD58-104F9C9850E7}.Debug|iPhoneSimulator.ActiveCfg = Debug|Any CPU
		{BF53E03D-A583-4FCC-BD58-104F9C9850E7}.Debug|iPhoneSimulator.Build.0 = Debug|Any CPU
		{BF53E03D-A583-4FCC-BD58-104F9C9850E7}.Debug|iPhoneSimulator.Deploy.0 = Debug|Any CPU
		{BF53E03D-A583-4FCC-BD58-104F9C9850E7}.Debug|x64.ActiveCfg = Debug|Any CPU
		{BF53E03D-A583-4FCC-BD58-104F9C9850E7}.Debug|x64.Build.0 = Debug|Any CPU
		{BF53E03D-A583-4FCC-BD58-104F9C9850E7}.Debug|x64.Deploy.0 = Debug|Any CPU
		{BF53E03D-A583-4FCC-BD58-104F9C9850E7}.Debug|x86.ActiveCfg = Debug|Any CPU
		{BF53E03D-A583-4FCC-BD58-104F9C9850E7}.Debug|x86.Build.0 = Debug|Any CPU
		{BF53E03D-A583-4FCC-BD58-104F9C9850E7}.Debug|x86.Deploy.0 = Debug|Any CPU
		{BF53E03D-A583-4FCC-BD58-104F9C9850E7}.Release|Any CPU.ActiveCfg = Release|Any CPU
		{BF53E03D-A583-4FCC-BD58-104F9C9850E7}.Release|Any CPU.Build.0 = Release|Any CPU
		{BF53E03D-A583-4FCC-BD58-104F9C9850E7}.Release|Any CPU.Deploy.0 = Release|Any CPU
		{BF53E03D-A583-4FCC-BD58-104F9C9850E7}.Release|ARM.ActiveCfg = Release|Any CPU
		{BF53E03D-A583-4FCC-BD58-104F9C9850E7}.Release|ARM.Build.0 = Release|Any CPU
		{BF53E03D-A583-4FCC-BD58-104F9C9850E7}.Release|ARM.Deploy.0 = Release|Any CPU
		{BF53E03D-A583-4FCC-BD58-104F9C9850E7}.Release|iPhone.ActiveCfg = Release|Any CPU
		{BF53E03D-A583-4FCC-BD58-104F9C9850E7}.Release|iPhone.Build.0 = Release|Any CPU
		{BF53E03D-A583-4FCC-BD58-104F9C9850E7}.Release|iPhone.Deploy.0 = Release|Any CPU
		{BF53E03D-A583-4FCC-BD58-104F9C9850E7}.Release|iPhoneSimulator.ActiveCfg = Release|Any CPU
		{BF53E03D-A583-4FCC-BD58-104F9C9850E7}.Release|iPhoneSimulator.Build.0 = Release|Any CPU
		{BF53E03D-A583-4FCC-BD58-104F9C9850E7}.Release|iPhoneSimulator.Deploy.0 = Release|Any CPU
		{BF53E03D-A583-4FCC-BD58-104F9C9850E7}.Release|x64.ActiveCfg = Release|Any CPU
		{BF53E03D-A583-4FCC-BD58-104F9C9850E7}.Release|x64.Build.0 = Release|Any CPU
		{BF53E03D-A583-4FCC-BD58-104F9C9850E7}.Release|x64.Deploy.0 = Release|Any CPU
		{BF53E03D-A583-4FCC-BD58-104F9C9850E7}.Release|x86.ActiveCfg = Release|Any CPU
		{BF53E03D-A583-4FCC-BD58-104F9C9850E7}.Release|x86.Build.0 = Release|Any CPU
		{BF53E03D-A583-4FCC-BD58-104F9C9850E7}.Release|x86.Deploy.0 = Release|Any CPU
		{90B94D04-6E36-4646-85B4-12C133DF1896}.Debug|Any CPU.ActiveCfg = Debug|Any CPU
		{90B94D04-6E36-4646-85B4-12C133DF1896}.Debug|Any CPU.Build.0 = Debug|Any CPU
		{90B94D04-6E36-4646-85B4-12C133DF1896}.Debug|ARM.ActiveCfg = Debug|Any CPU
		{90B94D04-6E36-4646-85B4-12C133DF1896}.Debug|ARM.Build.0 = Debug|Any CPU
		{90B94D04-6E36-4646-85B4-12C133DF1896}.Debug|iPhone.ActiveCfg = Debug|Any CPU
		{90B94D04-6E36-4646-85B4-12C133DF1896}.Debug|iPhone.Build.0 = Debug|Any CPU
		{90B94D04-6E36-4646-85B4-12C133DF1896}.Debug|iPhoneSimulator.ActiveCfg = Debug|Any CPU
		{90B94D04-6E36-4646-85B4-12C133DF1896}.Debug|iPhoneSimulator.Build.0 = Debug|Any CPU
		{90B94D04-6E36-4646-85B4-12C133DF1896}.Debug|x64.ActiveCfg = Debug|Any CPU
		{90B94D04-6E36-4646-85B4-12C133DF1896}.Debug|x64.Build.0 = Debug|Any CPU
		{90B94D04-6E36-4646-85B4-12C133DF1896}.Debug|x86.ActiveCfg = Debug|Any CPU
		{90B94D04-6E36-4646-85B4-12C133DF1896}.Debug|x86.Build.0 = Debug|Any CPU
		{90B94D04-6E36-4646-85B4-12C133DF1896}.Release|Any CPU.ActiveCfg = Release|Any CPU
		{90B94D04-6E36-4646-85B4-12C133DF1896}.Release|Any CPU.Build.0 = Release|Any CPU
		{90B94D04-6E36-4646-85B4-12C133DF1896}.Release|ARM.ActiveCfg = Release|Any CPU
		{90B94D04-6E36-4646-85B4-12C133DF1896}.Release|ARM.Build.0 = Release|Any CPU
		{90B94D04-6E36-4646-85B4-12C133DF1896}.Release|iPhone.ActiveCfg = Release|Any CPU
		{90B94D04-6E36-4646-85B4-12C133DF1896}.Release|iPhone.Build.0 = Release|Any CPU
		{90B94D04-6E36-4646-85B4-12C133DF1896}.Release|iPhoneSimulator.ActiveCfg = Release|Any CPU
		{90B94D04-6E36-4646-85B4-12C133DF1896}.Release|iPhoneSimulator.Build.0 = Release|Any CPU
		{90B94D04-6E36-4646-85B4-12C133DF1896}.Release|x64.ActiveCfg = Release|Any CPU
		{90B94D04-6E36-4646-85B4-12C133DF1896}.Release|x64.Build.0 = Release|Any CPU
		{90B94D04-6E36-4646-85B4-12C133DF1896}.Release|x86.ActiveCfg = Release|Any CPU
		{90B94D04-6E36-4646-85B4-12C133DF1896}.Release|x86.Build.0 = Release|Any CPU
		{FB997E0E-B0C2-4662-ADF2-D1A107C8FD67}.Debug|Any CPU.ActiveCfg = Debug|Any CPU
		{FB997E0E-B0C2-4662-ADF2-D1A107C8FD67}.Debug|Any CPU.Build.0 = Debug|Any CPU
		{FB997E0E-B0C2-4662-ADF2-D1A107C8FD67}.Debug|ARM.ActiveCfg = Debug|Any CPU
		{FB997E0E-B0C2-4662-ADF2-D1A107C8FD67}.Debug|ARM.Build.0 = Debug|Any CPU
		{FB997E0E-B0C2-4662-ADF2-D1A107C8FD67}.Debug|iPhone.ActiveCfg = Debug|Any CPU
		{FB997E0E-B0C2-4662-ADF2-D1A107C8FD67}.Debug|iPhone.Build.0 = Debug|Any CPU
		{FB997E0E-B0C2-4662-ADF2-D1A107C8FD67}.Debug|iPhoneSimulator.ActiveCfg = Debug|Any CPU
		{FB997E0E-B0C2-4662-ADF2-D1A107C8FD67}.Debug|iPhoneSimulator.Build.0 = Debug|Any CPU
		{FB997E0E-B0C2-4662-ADF2-D1A107C8FD67}.Debug|x64.ActiveCfg = Debug|Any CPU
		{FB997E0E-B0C2-4662-ADF2-D1A107C8FD67}.Debug|x64.Build.0 = Debug|Any CPU
		{FB997E0E-B0C2-4662-ADF2-D1A107C8FD67}.Debug|x86.ActiveCfg = Debug|Any CPU
		{FB997E0E-B0C2-4662-ADF2-D1A107C8FD67}.Debug|x86.Build.0 = Debug|Any CPU
		{FB997E0E-B0C2-4662-ADF2-D1A107C8FD67}.Release|Any CPU.ActiveCfg = Release|Any CPU
		{FB997E0E-B0C2-4662-ADF2-D1A107C8FD67}.Release|Any CPU.Build.0 = Release|Any CPU
		{FB997E0E-B0C2-4662-ADF2-D1A107C8FD67}.Release|ARM.ActiveCfg = Release|Any CPU
		{FB997E0E-B0C2-4662-ADF2-D1A107C8FD67}.Release|ARM.Build.0 = Release|Any CPU
		{FB997E0E-B0C2-4662-ADF2-D1A107C8FD67}.Release|iPhone.ActiveCfg = Release|Any CPU
		{FB997E0E-B0C2-4662-ADF2-D1A107C8FD67}.Release|iPhone.Build.0 = Release|Any CPU
		{FB997E0E-B0C2-4662-ADF2-D1A107C8FD67}.Release|iPhoneSimulator.ActiveCfg = Release|Any CPU
		{FB997E0E-B0C2-4662-ADF2-D1A107C8FD67}.Release|iPhoneSimulator.Build.0 = Release|Any CPU
		{FB997E0E-B0C2-4662-ADF2-D1A107C8FD67}.Release|x64.ActiveCfg = Release|Any CPU
		{FB997E0E-B0C2-4662-ADF2-D1A107C8FD67}.Release|x64.Build.0 = Release|Any CPU
		{FB997E0E-B0C2-4662-ADF2-D1A107C8FD67}.Release|x86.ActiveCfg = Release|Any CPU
		{FB997E0E-B0C2-4662-ADF2-D1A107C8FD67}.Release|x86.Build.0 = Release|Any CPU
		{80A96B52-6758-4BDB-B0B4-CEA4CA155C60}.Debug|Any CPU.ActiveCfg = Debug|iPhone
		{80A96B52-6758-4BDB-B0B4-CEA4CA155C60}.Debug|ARM.ActiveCfg = Debug|iPhone
		{80A96B52-6758-4BDB-B0B4-CEA4CA155C60}.Debug|iPhone.ActiveCfg = Debug|iPhone
		{80A96B52-6758-4BDB-B0B4-CEA4CA155C60}.Debug|iPhone.Build.0 = Debug|iPhone
		{80A96B52-6758-4BDB-B0B4-CEA4CA155C60}.Debug|iPhoneSimulator.ActiveCfg = Debug|iPhoneSimulator
		{80A96B52-6758-4BDB-B0B4-CEA4CA155C60}.Debug|iPhoneSimulator.Build.0 = Debug|iPhoneSimulator
		{80A96B52-6758-4BDB-B0B4-CEA4CA155C60}.Debug|x64.ActiveCfg = Debug|iPhone
		{80A96B52-6758-4BDB-B0B4-CEA4CA155C60}.Debug|x86.ActiveCfg = Debug|iPhone
		{80A96B52-6758-4BDB-B0B4-CEA4CA155C60}.Release|Any CPU.ActiveCfg = Release|iPhone
		{80A96B52-6758-4BDB-B0B4-CEA4CA155C60}.Release|ARM.ActiveCfg = Release|iPhone
		{80A96B52-6758-4BDB-B0B4-CEA4CA155C60}.Release|iPhone.ActiveCfg = Release|iPhone
		{80A96B52-6758-4BDB-B0B4-CEA4CA155C60}.Release|iPhone.Build.0 = Release|iPhone
		{80A96B52-6758-4BDB-B0B4-CEA4CA155C60}.Release|iPhoneSimulator.ActiveCfg = Release|iPhoneSimulator
		{80A96B52-6758-4BDB-B0B4-CEA4CA155C60}.Release|iPhoneSimulator.Build.0 = Release|iPhoneSimulator
		{80A96B52-6758-4BDB-B0B4-CEA4CA155C60}.Release|x64.ActiveCfg = Release|iPhone
		{80A96B52-6758-4BDB-B0B4-CEA4CA155C60}.Release|x86.ActiveCfg = Release|iPhone
		{22B82498-324F-4A33-99A2-DFD8D5F1344F}.Debug|Any CPU.ActiveCfg = Debug|x86
		{22B82498-324F-4A33-99A2-DFD8D5F1344F}.Debug|ARM.ActiveCfg = Debug|ARM
		{22B82498-324F-4A33-99A2-DFD8D5F1344F}.Debug|ARM.Build.0 = Debug|ARM
		{22B82498-324F-4A33-99A2-DFD8D5F1344F}.Debug|ARM.Deploy.0 = Debug|ARM
		{22B82498-324F-4A33-99A2-DFD8D5F1344F}.Debug|iPhone.ActiveCfg = Debug|x86
		{22B82498-324F-4A33-99A2-DFD8D5F1344F}.Debug|iPhoneSimulator.ActiveCfg = Debug|x86
		{22B82498-324F-4A33-99A2-DFD8D5F1344F}.Debug|x64.ActiveCfg = Debug|x64
		{22B82498-324F-4A33-99A2-DFD8D5F1344F}.Debug|x64.Build.0 = Debug|x64
		{22B82498-324F-4A33-99A2-DFD8D5F1344F}.Debug|x64.Deploy.0 = Debug|x64
		{22B82498-324F-4A33-99A2-DFD8D5F1344F}.Debug|x86.ActiveCfg = Debug|x86
		{22B82498-324F-4A33-99A2-DFD8D5F1344F}.Debug|x86.Build.0 = Debug|x86
		{22B82498-324F-4A33-99A2-DFD8D5F1344F}.Debug|x86.Deploy.0 = Debug|x86
		{22B82498-324F-4A33-99A2-DFD8D5F1344F}.Release|Any CPU.ActiveCfg = Release|x86
		{22B82498-324F-4A33-99A2-DFD8D5F1344F}.Release|ARM.ActiveCfg = Release|ARM
		{22B82498-324F-4A33-99A2-DFD8D5F1344F}.Release|ARM.Build.0 = Release|ARM
		{22B82498-324F-4A33-99A2-DFD8D5F1344F}.Release|ARM.Deploy.0 = Release|ARM
		{22B82498-324F-4A33-99A2-DFD8D5F1344F}.Release|iPhone.ActiveCfg = Release|x86
		{22B82498-324F-4A33-99A2-DFD8D5F1344F}.Release|iPhoneSimulator.ActiveCfg = Release|x86
		{22B82498-324F-4A33-99A2-DFD8D5F1344F}.Release|x64.ActiveCfg = Release|x64
		{22B82498-324F-4A33-99A2-DFD8D5F1344F}.Release|x64.Build.0 = Release|x64
		{22B82498-324F-4A33-99A2-DFD8D5F1344F}.Release|x64.Deploy.0 = Release|x64
		{22B82498-324F-4A33-99A2-DFD8D5F1344F}.Release|x86.ActiveCfg = Release|x86
		{22B82498-324F-4A33-99A2-DFD8D5F1344F}.Release|x86.Build.0 = Release|x86
		{22B82498-324F-4A33-99A2-DFD8D5F1344F}.Release|x86.Deploy.0 = Release|x86
	EndGlobalSection
	GlobalSection(SolutionProperties) = preSolution
		HideSolutionNode = FALSE
	EndGlobalSection
	GlobalSection(ExtensibilityGlobals) = postSolution
		SolutionGuid = {0E98C6D1-41DD-4141-891F-EEAF43C2E81E}
	EndGlobalSection
EndGlobal
